
Microsoft Visual Studio Solution File, Format Version 12.00
# Visual Studio Version 17
VisualStudioVersion = 17.0.32112.339
MinimumVisualStudioVersion = 10.0.40219.1
Project("{FAE04EC0-301F-11D3-BF4B-00C04F79EFBC}") = "EF-Core-In-Action", "EF-Core-In-Action\EF-Core-In-Action.csproj", "{FFBACFC8-EE08-4421-A982-A8A2800188C0}"
EndProject
Global
	GlobalSection(SolutionConfigurationPlatforms) = preSolution
		Debug|Any CPU = Debug|Any CPU
		Release|Any CPU = Release|Any CPU
	EndGlobalSection
	GlobalSection(ProjectConfigurationPlatforms) = postSolution
		{FFBACFC8-EE08-4421-A982-A8A2800188C0}.Debug|Any CPU.ActiveCfg = Debug|Any CPU
		{FFBACFC8-EE08-4421-A982-A8A2800188C0}.Debug|Any CPU.Build.0 = Debug|Any CPU
		{FFBACFC8-EE08-4421-A982-A8A2800188C0}.Release|Any CPU.ActiveCfg = Release|Any CPU
		{FFBACFC8-EE08-4421-A982-A8A2800188C0}.Release|Any CPU.Build.0 = Release|Any CPU
	EndGlobalSection
	GlobalSection(SolutionProperties) = preSolution
		HideSolutionNode = FALSE
	EndGlobalSection
	GlobalSection(ExtensibilityGlobals) = postSolution
		SolutionGuid = {E7510C53-C290-4CB8-B3CA-75A6A79163FA}
	EndGlobalSection
EndGlobal
